{
  "name": "midi-sequencer",
  "version": "1.0.0",
  "lockfileVersion": 1,
  "requires": true,
  "dependencies": {
    "@types/node": {
      "version": "13.13.4",
      "resolved": "https://registry.npmjs.org/@types/node/-/node-13.13.4.tgz",
      "integrity": "sha512-x26ur3dSXgv5AwKS0lNfbjpCakGIduWU1DU91Zz58ONRWrIKGunmZBNv4P7N+e27sJkiGDsw/3fT4AtsqQBrBA==",
      "dev": true
    },
    "bigi": {
      "version": "1.4.0",
      "resolved": "https://registry.npmjs.org/bigi/-/bigi-1.4.0.tgz",
      "integrity": "sha1-kKwa6sClMSFkY721j0LB4FyEB6w="
    },
    "bindings": {
      "version": "1.5.0",
      "resolved": "https://registry.npmjs.org/bindings/-/bindings-1.5.0.tgz",
      "integrity": "sha512-p2q/t/mhvuOj/UeLlV6566GD/guowlr0hHxClI0W9m7MWYkL1F0hLo+0Aexs9HSPCtR1SXQ0TD3MMKrXZajbiQ==",
      "requires": {
        "file-uri-to-path": "1.0.0"
      }
    },
    "easymidi": {
      "version": "1.0.3",
      "resolved": "https://registry.npmjs.org/easymidi/-/easymidi-1.0.3.tgz",
      "integrity": "sha512-WkeJP8rLaYKdSyDlQ6PibqNHUCEVuLQoBIA99+NWrX07RxlQRYuNWhds0LyNSPQDGrh+5So4AL9Ii8eTQqmEng==",
      "requires": {
        "midi": "^1.0.0"
      }
    },
    "file-uri-to-path": {
      "version": "1.0.0",
      "resolved": "https://registry.npmjs.org/file-uri-to-path/-/file-uri-to-path-1.0.0.tgz",
      "integrity": "sha512-0Zt+s3L7Vf1biwWZ29aARiVYLx7iMGnEUl9x33fbB/j3jR81u/O2LbqK+Bm1CDSNDKVtJ/YjwY7TUd5SkeLQLw=="
    },
    "microtime": {
      "version": "3.0.0",
      "resolved": "https://registry.npmjs.org/microtime/-/microtime-3.0.0.tgz",
      "integrity": "sha512-SirJr7ZL4ow2iWcb54bekS4aWyBQNVcEDBiwAz9D/sTgY59A+uE8UJU15cp5wyZmPBwg/3zf8lyCJ5NUe1nVlQ==",
      "requires": {
        "node-addon-api": "^1.2.0",
        "node-gyp-build": "^3.8.0"
      }
    },
    "midi": {
      "version": "1.0.0",
      "resolved": "https://registry.npmjs.org/midi/-/midi-1.0.0.tgz",
      "integrity": "sha512-BL2xedtLEy2ExJujuvQQNs5Gz1aXv7/wpq3KKZ7FmmTvVfR3eC+OgiwtC+4+9IinsXfQnTNSOBrG2PAjMHi0ZQ==",
      "requires": {
        "bindings": "~1.5.0",
        "nan": "^2.3.3"
      }
    },
    "nan": {
      "version": "2.14.1",
      "resolved": "https://registry.npmjs.org/nan/-/nan-2.14.1.tgz",
      "integrity": "sha512-isWHgVjnFjh2x2yuJ/tj3JbwoHu3UC2dX5G/88Cm24yB6YopVgxvBObDY7n5xW6ExmFhJpSEQqFPvq9zaXc8Jw=="
    },
    "nanotime": {
      "version": "1.0.2",
      "resolved": "https://registry.npmjs.org/nanotime/-/nanotime-1.0.2.tgz",
      "integrity": "sha1-PeYaCTK1DBdMBFeaZjagakxSu80=",
      "requires": {
        "bigi": "1.4.0"
      }
    },
    "nanotimer": {
      "version": "0.3.15",
      "resolved": "https://registry.npmjs.org/nanotimer/-/nanotimer-0.3.15.tgz",
      "integrity": "sha1-KA0nfbkUbspvilcLVyq68qmsx1Q="
    },
    "node-addon-api": {
      "version": "1.7.1",
      "resolved": "https://registry.npmjs.org/node-addon-api/-/node-addon-api-1.7.1.tgz",
      "integrity": "sha512-2+DuKodWvwRTrCfKOeR24KIc5unKjOh8mz17NCzVnHWfjAdDqbfbjqh7gUT+BkXBRQM52+xCHciKWonJ3CbJMQ=="
    },
    "node-gyp-build": {
      "version": "3.9.0",
      "resolved": "https://registry.npmjs.org/node-gyp-build/-/node-gyp-build-3.9.0.tgz",
      "integrity": "sha512-zLcTg6P4AbcHPq465ZMFNXx7XpKKJh+7kkN699NiQWisR2uWYOWNWqRHAmbnmKiL4e9aLSlmy5U7rEMUXV59+A=="
    }
  }
}
